
Microsoft Visual Studio Solution File, Format Version 12.00
# Visual Studio Version 16
VisualStudioVersion = 16.0.30309.148
MinimumVisualStudioVersion = 10.0.40219.1
Project("{FAE04EC0-301F-11D3-BF4B-00C04F79EFBC}") = "Part 7 - Lists", "Part 7 - Lists\Part 7 - Lists.csproj", "{B83C7061-046C-43D1-9B47-00C06A68602A}"
EndProject
Global
	GlobalSection(SolutionConfigurationPlatforms) = preSolution
		Debug|Any CPU = Debug|Any CPU
		Release|Any CPU = Release|Any CPU
	EndGlobalSection
	GlobalSection(ProjectConfigurationPlatforms) = postSolution
		{B83C7061-046C-43D1-9B47-00C06A68602A}.Debug|Any CPU.ActiveCfg = Debug|Any CPU
		{B83C7061-046C-43D1-9B47-00C06A68602A}.Debug|Any CPU.Build.0 = Debug|Any CPU
		{B83C7061-046C-43D1-9B47-00C06A68602A}.Release|Any CPU.ActiveCfg = Release|Any CPU
		{B83C7061-046C-43D1-9B47-00C06A68602A}.Release|Any CPU.Build.0 = Release|Any CPU
	EndGlobalSection
	GlobalSection(SolutionProperties) = preSolution
		HideSolutionNode = FALSE
	EndGlobalSection
	GlobalSection(ExtensibilityGlobals) = postSolution
		SolutionGuid = {ED04D79F-5F5C-4BFC-8351-5ABBDF335D6F}
	EndGlobalSection
EndGlobal
